// !$*UTF8*$!
{
	archiveVersion = 1;
	classes = {
	};
	objectVersion = 77;
	objects = {

/* Begin PBXBuildFile section */
		2A263A272DB0FC6D009A0DB4 /* PubNubSwiftChatSDK in Frameworks */ = {isa = PBXBuildFile; productRef = 2A263A262DB0FC6D009A0DB4 /* PubNubSwiftChatSDK */; };
/* End PBXBuildFile section */

/* Begin PBXContainerItemProxy section */
		2AF252112CA417BF00212322 /* PBXContainerItemProxy */ = {
			isa = PBXContainerItemProxy;
			containerPortal = 2AF251F82CA417BD00212322 /* Project object */;
			proxyType = 1;
			remoteGlobalIDString = 2AF251FF2CA417BD00212322;
			remoteInfo = PubNubSwiftChatSDKTutorial;
		};
		2AF2521B2CA417BF00212322 /* PBXContainerItemProxy */ = {
			isa = PBXContainerItemProxy;
			containerPortal = 2AF251F82CA417BD00212322 /* Project object */;
			proxyType = 1;
			remoteGlobalIDString = 2AF251FF2CA417BD00212322;
			remoteInfo = PubNubSwiftChatSDKTutorial;
		};
/* End PBXContainerItemProxy section */

/* Begin PBXFileReference section */
		2AF252002CA417BD00212322 /* PubNubSwiftChatSDKTutorial.app */ = {isa = PBXFileReference; explicitFileType = wrapper.application; includeInIndex = 0; path = PubNubSwiftChatSDKTutorial.app; sourceTree = BUILT_PRODUCTS_DIR; };
		2AF252102CA417BF00212322 /* PubNubSwiftChatSDKTutorialTests.xctest */ = {isa = PBXFileReference; explicitFileType = wrapper.cfbundle; includeInIndex = 0; path = PubNubSwiftChatSDKTutorialTests.xctest; sourceTree = BUILT_PRODUCTS_DIR; };
		2AF2521A2CA417BF00212322 /* PubNubSwiftChatSDKTutorialUITests.xctest */ = {isa = PBXFileReference; explicitFileType = wrapper.cfbundle; includeInIndex = 0; path = PubNubSwiftChatSDKTutorialUITests.xctest; sourceTree = BUILT_PRODUCTS_DIR; };
/* End PBXFileReference section */

/* Begin PBXFileSystemSynchronizedRootGroup section */
		2AF252022CA417BD00212322 /* PubNubSwiftChatSDKTutorial */ = {
			isa = PBXFileSystemSynchronizedRootGroup;
			path = PubNubSwiftChatSDKTutorial;
			sourceTree = "<group>";
		};
		2AF252132CA417BF00212322 /* PubNubSwiftChatSDKTutorialTests */ = {
			isa = PBXFileSystemSynchronizedRootGroup;
			path = PubNubSwiftChatSDKTutorialTests;
			sourceTree = "<group>";
		};
		2AF2521D2CA417BF00212322 /* PubNubSwiftChatSDKTutorialUITests */ = {
			isa = PBXFileSystemSynchronizedRootGroup;
			path = PubNubSwiftChatSDKTutorialUITests;
			sourceTree = "<group>";
		};
/* End PBXFileSystemSynchronizedRootGroup section */

/* Begin PBXFrameworksBuildPhase section */
		2AF251FD2CA417BD00212322 /* Frameworks */ = {
			isa = PBXFrameworksBuildPhase;
			buildActionMask = 2147483647;
			files = (
				2A263A272DB0FC6D009A0DB4 /* PubNubSwiftChatSDK in Frameworks */,
			);
			runOnlyForDeploymentPostprocessing = 0;
		};
		2AF2520D2CA417BF00212322 /* Frameworks */ = {
			isa = PBXFrameworksBuildPhase;
			buildActionMask = 2147483647;
			files = (
			);
			runOnlyForDeploymentPostprocessing = 0;
		};
		2AF252172CA417BF00212322 /* Frameworks */ = {
			isa = PBXFrameworksBuildPhase;
			buildActionMask = 2147483647;
			files = (
			);
			runOnlyForDeploymentPostprocessing = 0;
		};
/* End PBXFrameworksBuildPhase section */

/* Begin PBXGroup section */
		2AF251F72CA417BD00212322 = {
			isa = PBXGroup;
			children = (
				2AF252022CA417BD00212322 /* PubNubSwiftChatSDKTutorial */,
				2AF252132CA417BF00212322 /* PubNubSwiftChatSDKTutorialTests */,
				2AF2521D2CA417BF00212322 /* PubNubSwiftChatSDKTutorialUITests */,
				2AF2522E2CA418CA00212322 /* Frameworks */,
				2AF252012CA417BD00212322 /* Products */,
			);
			sourceTree = "<group>";
		};
		2AF252012CA417BD00212322 /* Products */ = {
			isa = PBXGroup;
			children = (
				2AF252002CA417BD00212322 /* PubNubSwiftChatSDKTutorial.app */,
				2AF252102CA417BF00212322 /* PubNubSwiftChatSDKTutorialTests.xctest */,
				2AF2521A2CA417BF00212322 /* PubNubSwiftChatSDKTutorialUITests.xctest */,
			);
			name = Products;
			sourceTree = "<group>";
		};
		2AF2522E2CA418CA00212322 /* Frameworks */ = {
			isa = PBXGroup;
			children = (
			);
			name = Frameworks;
			sourceTree = "<group>";
		};
/* End PBXGroup section */

/* Begin PBXNativeTarget section */
		2AF251FF2CA417BD00212322 /* PubNubSwiftChatSDKTutorial */ = {
			isa = PBXNativeTarget;
			buildConfigurationList = 2AF252242CA417BF00212322 /* Build configuration list for PBXNativeTarget "PubNubSwiftChatSDKTutorial" */;
			buildPhases = (
				2AF251FC2CA417BD00212322 /* Sources */,
				2AF251FD2CA417BD00212322 /* Frameworks */,
				2AF251FE2CA417BD00212322 /* Resources */,
			);
			buildRules = (
			);
			dependencies = (
			);
			fileSystemSynchronizedGroups = (
				2AF252022CA417BD00212322 /* PubNubSwiftChatSDKTutorial */,
			);
			name = PubNubSwiftChatSDKTutorial;
			packageProductDependencies = (
				2A263A262DB0FC6D009A0DB4 /* PubNubSwiftChatSDK */,
			);
			productName = PubNubSwiftChatSDKTutorial;
			productReference = 2AF252002CA417BD00212322 /* PubNubSwiftChatSDKTutorial.app */;
			productType = "com.apple.product-type.application";
		};
		2AF2520F2CA417BF00212322 /* PubNubSwiftChatSDKTutorialTests */ = {
			isa = PBXNativeTarget;
			buildConfigurationList = 2AF252272CA417BF00212322 /* Build configuration list for PBXNativeTarget "PubNubSwiftChatSDKTutorialTests" */;
			buildPhases = (
				2AF2520C2CA417BF00212322 /* Sources */,
				2AF2520D2CA417BF00212322 /* Frameworks */,
				2AF2520E2CA417BF00212322 /* Resources */,
			);
			buildRules = (
			);
			dependencies = (
				2AF252122CA417BF00212322 /* PBXTargetDependency */,
			);
			fileSystemSynchronizedGroups = (
				2AF252132CA417BF00212322 /* PubNubSwiftChatSDKTutorialTests */,
			);
			name = PubNubSwiftChatSDKTutorialTests;
			packageProductDependencies = (
			);
			productName = PubNubSwiftChatSDKTutorialTests;
			productReference = 2AF252102CA417BF00212322 /* PubNubSwiftChatSDKTutorialTests.xctest */;
			productType = "com.apple.product-type.bundle.unit-test";
		};
		2AF252192CA417BF00212322 /* PubNubSwiftChatSDKTutorialUITests */ = {
			isa = PBXNativeTarget;
			buildConfigurationList = 2AF2522A2CA417BF00212322 /* Build configuration list for PBXNativeTarget "PubNubSwiftChatSDKTutorialUITests" */;
			buildPhases = (
				2AF252162CA417BF00212322 /* Sources */,
				2AF252172CA417BF00212322 /* Frameworks */,
				2AF252182CA417BF00212322 /* Resources */,
			);
			buildRules = (
			);
			dependencies = (
				2AF2521C2CA417BF00212322 /* PBXTargetDependency */,
			);
			fileSystemSynchronizedGroups = (
				2AF2521D2CA417BF00212322 /* PubNubSwiftChatSDKTutorialUITests */,
			);
			name = PubNubSwiftChatSDKTutorialUITests;
			packageProductDependencies = (
			);
			productName = PubNubSwiftChatSDKTutorialUITests;
			productReference = 2AF2521A2CA417BF00212322 /* PubNubSwiftChatSDKTutorialUITests.xctest */;
			productType = "com.apple.product-type.bundle.ui-testing";
		};
/* End PBXNativeTarget section */

/* Begin PBXProject section */
		2AF251F82CA417BD00212322 /* Project object */ = {
			isa = PBXProject;
			attributes = {
				BuildIndependentTargetsInParallel = 1;
				LastSwiftUpdateCheck = 1600;
				LastUpgradeCheck = 1600;
				TargetAttributes = {
					2AF251FF2CA417BD00212322 = {
						CreatedOnToolsVersion = 16.0;
					};
					2AF2520F2CA417BF00212322 = {
						CreatedOnToolsVersion = 16.0;
						TestTargetID = 2AF251FF2CA417BD00212322;
					};
					2AF252192CA417BF00212322 = {
						CreatedOnToolsVersion = 16.0;
						TestTargetID = 2AF251FF2CA417BD00212322;
					};
				};
			};
			buildConfigurationList = 2AF251FB2CA417BD00212322 /* Build configuration list for PBXProject "PubNubSwiftChatSDKTutorial" */;
			developmentRegion = en;
			hasScannedForEncodings = 0;
			knownRegions = (
				en,
				Base,
			);
			mainGroup = 2AF251F72CA417BD00212322;
			minimizedProjectReferenceProxies = 1;
			packageReferences = (
				2A263A252DB0FC6D009A0DB4 /* XCRemoteSwiftPackageReference "swift-chat-sdk" */,
			);
			preferredProjectObjectVersion = 77;
			productRefGroup = 2AF252012CA417BD00212322 /* Products */;
			projectDirPath = "";
			projectRoot = "";
			targets = (
				2AF251FF2CA417BD00212322 /* PubNubSwiftChatSDKTutorial */,
				2AF2520F2CA417BF00212322 /* PubNubSwiftChatSDKTutorialTests */,
				2AF252192CA417BF00212322 /* PubNubSwiftChatSDKTutorialUITests */,
			);
		};
/* End PBXProject section */

/* Begin PBXResourcesBuildPhase section */
		2AF251FE2CA417BD00212322 /* Resources */ = {
			isa = PBXResourcesBuildPhase;
			buildActionMask = 2147483647;
			files = (
			);
			runOnlyForDeploymentPostprocessing = 0;
		};
		2AF2520E2CA417BF00212322 /* Resources */ = {
			isa = PBXResourcesBuildPhase;
			buildActionMask = 2147483647;
			files = (
			);
			runOnlyForDeploymentPostprocessing = 0;
		};
		2AF252182CA417BF00212322 /* Resources */ = {
			isa = PBXResourcesBuildPhase;
			buildActionMask = 2147483647;
			files = (
			);
			runOnlyForDeploymentPostprocessing = 0;
		};
/* End PBXResourcesBuildPhase section */

/* Begin PBXSourcesBuildPhase section */
		2AF251FC2CA417BD00212322 /* Sources */ = {
			isa = PBXSourcesBuildPhase;
			buildActionMask = 2147483647;
			files = (
			);
			runOnlyForDeploymentPostprocessing = 0;
		};
		2AF2520C2CA417BF00212322 /* Sources */ = {
			isa = PBXSourcesBuildPhase;
			buildActionMask = 2147483647;
			files = (
			);
			runOnlyForDeploymentPostprocessing = 0;
		};
		2AF252162CA417BF00212322 /* Sources */ = {
			isa = PBXSourcesBuildPhase;
			buildActionMask = 2147483647;
			files = (
			);
			runOnlyForDeploymentPostprocessing = 0;
		};
/* End PBXSourcesBuildPhase section */

/* Begin PBXTargetDependency section */
		2AF252122CA417BF00212322 /* PBXTargetDependency */ = {
			isa = PBXTargetDependency;
			target = 2AF251FF2CA417BD00212322 /* PubNubSwiftChatSDKTutorial */;
			targetProxy = 2AF252112CA417BF00212322 /* PBXContainerItemProxy */;
		};
		2AF2521C2CA417BF00212322 /* PBXTargetDependency */ = {
			isa = PBXTargetDependency;
			target = 2AF251FF2CA417BD00212322 /* PubNubSwiftChatSDKTutorial */;
			targetProxy = 2AF2521B2CA417BF00212322 /* PBXContainerItemProxy */;
		};
/* End PBXTargetDependency section */

/* Begin XCBuildConfiguration section */
		2AF252222CA417BF00212322 /* Debug */ = {
			isa = XCBuildConfiguration;
			buildSettings = {
				ALWAYS_SEARCH_USER_PATHS = NO;
				ASSETCATALOG_COMPILER_GENERATE_SWIFT_ASSET_SYMBOL_EXTENSIONS = YES;
				CLANG_ANALYZER_NONNULL = YES;
				CLANG_ANALYZER_NUMBER_OBJECT_CONVERSION = YES_AGGRESSIVE;
				CLANG_CXX_LANGUAGE_STANDARD = "gnu++20";
				CLANG_ENABLE_MODULES = YES;
				CLANG_ENABLE_OBJC_ARC = YES;
				CLANG_ENABLE_OBJC_WEAK = YES;
				CLANG_WARN_BLOCK_CAPTURE_AUTORELEASING = YES;
				CLANG_WARN_BOOL_CONVERSION = YES;
				CLANG_WARN_COMMA = YES;
				CLANG_WARN_CONSTANT_CONVERSION = YES;
				CLANG_WARN_DEPRECATED_OBJC_IMPLEMENTATIONS = YES;
				CLANG_WARN_DIRECT_OBJC_ISA_USAGE = YES_ERROR;
				CLANG_WARN_DOCUMENTATION_COMMENTS = YES;
				CLANG_WARN_EMPTY_BODY = YES;
				CLANG_WARN_ENUM_CONVERSION = YES;
				CLANG_WARN_INFINITE_RECURSION = YES;
				CLANG_WARN_INT_CONVERSION = YES;
				CLANG_WARN_NON_LITERAL_NULL_CONVERSION = YES;
				CLANG_WARN_OBJC_IMPLICIT_RETAIN_SELF = YES;
				CLANG_WARN_OBJC_LITERAL_CONVERSION = YES;
				CLANG_WARN_OBJC_ROOT_CLASS = YES_ERROR;
				CLANG_WARN_QUOTED_INCLUDE_IN_FRAMEWORK_HEADER = YES;
				CLANG_WARN_RANGE_LOOP_ANALYSIS = YES;
				CLANG_WARN_STRICT_PROTOTYPES = YES;
				CLANG_WARN_SUSPICIOUS_MOVE = YES;
				CLANG_WARN_UNGUARDED_AVAILABILITY = YES_AGGRESSIVE;
				CLANG_WARN_UNREACHABLE_CODE = YES;
				CLANG_WARN__DUPLICATE_METHOD_MATCH = YES;
				COPY_PHASE_STRIP = NO;
				DEBUG_INFORMATION_FORMAT = dwarf;
				ENABLE_STRICT_OBJC_MSGSEND = YES;
				ENABLE_TESTABILITY = YES;
				ENABLE_USER_SCRIPT_SANDBOXING = YES;
				GCC_C_LANGUAGE_STANDARD = gnu17;
				GCC_DYNAMIC_NO_PIC = NO;
				GCC_NO_COMMON_BLOCKS = YES;
				GCC_OPTIMIZATION_LEVEL = 0;
				GCC_PREPROCESSOR_DEFINITIONS = (
					"DEBUG=1",
					"$(inherited)",
				);
				GCC_WARN_64_TO_32_BIT_CONVERSION = YES;
				GCC_WARN_ABOUT_RETURN_TYPE = YES_ERROR;
				GCC_WARN_UNDECLARED_SELECTOR = YES;
				GCC_WARN_UNINITIALIZED_AUTOS = YES_AGGRESSIVE;
				GCC_WARN_UNUSED_FUNCTION = YES;
				GCC_WARN_UNUSED_VARIABLE = YES;
				IPHONEOS_DEPLOYMENT_TARGET = 18.0;
				LOCALIZATION_PREFERS_STRING_CATALOGS = YES;
				MTL_ENABLE_DEBUG_INFO = INCLUDE_SOURCE;
				MTL_FAST_MATH = YES;
				ONLY_ACTIVE_ARCH = YES;
				SDKROOT = iphoneos;
				SWIFT_ACTIVE_COMPILATION_CONDITIONS = "DEBUG $(inherited)";
				SWIFT_OPTIMIZATION_LEVEL = "-Onone";
			};
			name = Debug;
		};
		2AF252232CA417BF00212322 /* Release */ = {
			isa = XCBuildConfiguration;
			buildSettings = {
				ALWAYS_SEARCH_USER_PATHS = NO;
				ASSETCATALOG_COMPILER_GENERATE_SWIFT_ASSET_SYMBOL_EXTENSIONS = YES;
				CLANG_ANALYZER_NONNULL = YES;
				CLANG_ANALYZER_NUMBER_OBJECT_CONVERSION = YES_AGGRESSIVE;
				CLANG_CXX_LANGUAGE_STANDARD = "gnu++20";
				CLANG_ENABLE_MODULES = YES;
				CLANG_ENABLE_OBJC_ARC = YES;
				CLANG_ENABLE_OBJC_WEAK = YES;
				CLANG_WARN_BLOCK_CAPTURE_AUTORELEASING = YES;
				CLANG_WARN_BOOL_CONVERSION = YES;
				CLANG_WARN_COMMA = YES;
				CLANG_WARN_CONSTANT_CONVERSION = YES;
				CLANG_WARN_DEPRECATED_OBJC_IMPLEMENTATIONS = YES;
				CLANG_WARN_DIRECT_OBJC_ISA_USAGE = YES_ERROR;
				CLANG_WARN_DOCUMENTATION_COMMENTS = YES;
				CLANG_WARN_EMPTY_BODY = YES;
				CLANG_WARN_ENUM_CONVERSION = YES;
				CLANG_WARN_INFINITE_RECURSION = YES;
				CLANG_WARN_INT_CONVERSION = YES;
				CLANG_WARN_NON_LITERAL_NULL_CONVERSION = YES;
				CLANG_WARN_OBJC_IMPLICIT_RETAIN_SELF = YES;
				CLANG_WARN_OBJC_LITERAL_CONVERSION = YES;
				CLANG_WARN_OBJC_ROOT_CLASS = YES_ERROR;
				CLANG_WARN_QUOTED_INCLUDE_IN_FRAMEWORK_HEADER = YES;
				CLANG_WARN_RANGE_LOOP_ANALYSIS = YES;
				CLANG_WARN_STRICT_PROTOTYPES = YES;
				CLANG_WARN_SUSPICIOUS_MOVE = YES;
				CLANG_WARN_UNGUARDED_AVAILABILITY = YES_AGGRESSIVE;
				CLANG_WARN_UNREACHABLE_CODE = YES;
				CLANG_WARN__DUPLICATE_METHOD_MATCH = YES;
				COPY_PHASE_STRIP = NO;
				DEBUG_INFORMATION_FORMAT = "dwarf-with-dsym";
				ENABLE_NS_ASSERTIONS = NO;
				ENABLE_STRICT_OBJC_MSGSEND = YES;
				ENABLE_USER_SCRIPT_SANDBOXING = YES;
				GCC_C_LANGUAGE_STANDARD = gnu17;
				GCC_NO_COMMON_BLOCKS = YES;
				GCC_WARN_64_TO_32_BIT_CONVERSION = YES;
				GCC_WARN_ABOUT_RETURN_TYPE = YES_ERROR;
				GCC_WARN_UNDECLARED_SELECTOR = YES;
				GCC_WARN_UNINITIALIZED_AUTOS = YES_AGGRESSIVE;
				GCC_WARN_UNUSED_FUNCTION = YES;
				GCC_WARN_UNUSED_VARIABLE = YES;
				IPHONEOS_DEPLOYMENT_TARGET = 18.0;
				LOCALIZATION_PREFERS_STRING_CATALOGS = YES;
				MTL_ENABLE_DEBUG_INFO = NO;
				MTL_FAST_MATH = YES;
				SDKROOT = iphoneos;
				SWIFT_COMPILATION_MODE = wholemodule;
				VALIDATE_PRODUCT = YES;
			};
			name = Release;
		};
		2AF252252CA417BF00212322 /* Debug */ = {
			isa = XCBuildConfiguration;
			buildSettings = {
				ASSETCATALOG_COMPILER_APPICON_NAME = AppIcon;
				ASSETCATALOG_COMPILER_GLOBAL_ACCENT_COLOR_NAME = AccentColor;
				CODE_SIGN_STYLE = Automatic;
				CURRENT_PROJECT_VERSION = 1;
				DEVELOPMENT_ASSET_PATHS = "\"PubNubSwiftChatSDKTutorial/Preview Content\"";
				ENABLE_PREVIEWS = YES;
				GENERATE_INFOPLIST_FILE = YES;
				INFOPLIST_KEY_UIApplicationSceneManifest_Generation = YES;
				INFOPLIST_KEY_UIApplicationSupportsIndirectInputEvents = YES;
				INFOPLIST_KEY_UILaunchScreen_Generation = YES;
				INFOPLIST_KEY_UISupportedInterfaceOrientations_iPad = "UIInterfaceOrientationPortrait UIInterfaceOrientationPortraitUpsideDown UIInterfaceOrientationLandscapeLeft UIInterfaceOrientationLandscapeRight";
				INFOPLIST_KEY_UISupportedInterfaceOrientations_iPhone = "UIInterfaceOrientationPortrait UIInterfaceOrientationLandscapeLeft UIInterfaceOrientationLandscapeRight";
				LD_RUNPATH_SEARCH_PATHS = (
					"$(inherited)",
					"@executable_path/Frameworks",
				);
				MARKETING_VERSION = 1.0;
				PRODUCT_BUNDLE_IDENTIFIER = com.pubnub.tutorials.PubNubSwiftChatSDKTutorial;
				PRODUCT_NAME = "$(TARGET_NAME)";
				SWIFT_EMIT_LOC_STRINGS = YES;
				SWIFT_VERSION = 5.0;
				TARGETED_DEVICE_FAMILY = "1,2";
			};
			name = Debug;
		};
		2AF252262CA417BF00212322 /* Release */ = {
			isa = XCBuildConfiguration;
			buildSettings = {
				ASSETCATALOG_COMPILER_APPICON_NAME = AppIcon;
				ASSETCATALOG_COMPILER_GLOBAL_ACCENT_COLOR_NAME = AccentColor;
				CODE_SIGN_STYLE = Automatic;
				CURRENT_PROJECT_VERSION = 1;
				DEVELOPMENT_ASSET_PATHS = "\"PubNubSwiftChatSDKTutorial/Preview Content\"";
				ENABLE_PREVIEWS = YES;
				GENERATE_INFOPLIST_FILE = YES;
				INFOPLIST_KEY_UIApplicationSceneManifest_Generation = YES;
				INFOPLIST_KEY_UIApplicationSupportsIndirectInputEvents = YES;
				INFOPLIST_KEY_UILaunchScreen_Generation = YES;
				INFOPLIST_KEY_UISupportedInterfaceOrientations_iPad = "UIInterfaceOrientationPortrait UIInterfaceOrientationPortraitUpsideDown UIInterfaceOrientationLandscapeLeft UIInterfaceOrientationLandscapeRight";
				INFOPLIST_KEY_UISupportedInterfaceOrientations_iPhone = "UIInterfaceOrientationPortrait UIInterfaceOrientationLandscapeLeft UIInterfaceOrientationLandscapeRight";
				LD_RUNPATH_SEARCH_PATHS = (
					"$(inherited)",
					"@executable_path/Frameworks",
				);
				MARKETING_VERSION = 1.0;
				PRODUCT_BUNDLE_IDENTIFIER = com.pubnub.tutorials.PubNubSwiftChatSDKTutorial;
				PRODUCT_NAME = "$(TARGET_NAME)";
				SWIFT_EMIT_LOC_STRINGS = YES;
				SWIFT_VERSION = 5.0;
				TARGETED_DEVICE_FAMILY = "1,2";
			};
			name = Release;
		};
		2AF252282CA417BF00212322 /* Debug */ = {
			isa = XCBuildConfiguration;
			buildSettings = {
				BUNDLE_LOADER = "$(TEST_HOST)";
				CODE_SIGN_STYLE = Automatic;
				CURRENT_PROJECT_VERSION = 1;
				GENERATE_INFOPLIST_FILE = YES;
				IPHONEOS_DEPLOYMENT_TARGET = 18.0;
				MARKETING_VERSION = 1.0;
				PRODUCT_BUNDLE_IDENTIFIER = com.pubnub.tutorials.PubNubSwiftChatSDKTutorialTests;
				PRODUCT_NAME = "$(TARGET_NAME)";
				SWIFT_EMIT_LOC_STRINGS = NO;
				SWIFT_VERSION = 5.0;
				TARGETED_DEVICE_FAMILY = "1,2";
				TEST_HOST = "$(BUILT_PRODUCTS_DIR)/PubNubSwiftChatSDKTutorial.app/$(BUNDLE_EXECUTABLE_FOLDER_PATH)/PubNubSwiftChatSDKTutorial";
			};
			name = Debug;
		};
		2AF252292CA417BF00212322 /* Release */ = {
			isa = XCBuildConfiguration;
			buildSettings = {
				BUNDLE_LOADER = "$(TEST_HOST)";
				CODE_SIGN_STYLE = Automatic;
				CURRENT_PROJECT_VERSION = 1;
				GENERATE_INFOPLIST_FILE = YES;
				IPHONEOS_DEPLOYMENT_TARGET = 18.0;
				MARKETING_VERSION = 1.0;
				PRODUCT_BUNDLE_IDENTIFIER = com.pubnub.tutorials.PubNubSwiftChatSDKTutorialTests;
				PRODUCT_NAME = "$(TARGET_NAME)";
				SWIFT_EMIT_LOC_STRINGS = NO;
				SWIFT_VERSION = 5.0;
				TARGETED_DEVICE_FAMILY = "1,2";
				TEST_HOST = "$(BUILT_PRODUCTS_DIR)/PubNubSwiftChatSDKTutorial.app/$(BUNDLE_EXECUTABLE_FOLDER_PATH)/PubNubSwiftChatSDKTutorial";
			};
			name = Release;
		};
		2AF2522B2CA417BF00212322 /* Debug */ = {
			isa = XCBuildConfiguration;
			buildSettings = {
				CODE_SIGN_STYLE = Automatic;
				CURRENT_PROJECT_VERSION = 1;
				GENERATE_INFOPLIST_FILE = YES;
				MARKETING_VERSION = 1.0;
				PRODUCT_BUNDLE_IDENTIFIER = com.pubnub.tutorials.PubNubSwiftChatSDKTutorialUITests;
				PRODUCT_NAME = "$(TARGET_NAME)";
				SWIFT_EMIT_LOC_STRINGS = NO;
				SWIFT_VERSION = 5.0;
				TARGETED_DEVICE_FAMILY = "1,2";
				TEST_TARGET_NAME = PubNubSwiftChatSDKTutorial;
			};
			name = Debug;
		};
		2AF2522C2CA417BF00212322 /* Release */ = {
			isa = XCBuildConfiguration;
			buildSettings = {
				CODE_SIGN_STYLE = Automatic;
				CURRENT_PROJECT_VERSION = 1;
				GENERATE_INFOPLIST_FILE = YES;
				MARKETING_VERSION = 1.0;
				PRODUCT_BUNDLE_IDENTIFIER = com.pubnub.tutorials.PubNubSwiftChatSDKTutorialUITests;
				PRODUCT_NAME = "$(TARGET_NAME)";
				SWIFT_EMIT_LOC_STRINGS = NO;
				SWIFT_VERSION = 5.0;
				TARGETED_DEVICE_FAMILY = "1,2";
				TEST_TARGET_NAME = PubNubSwiftChatSDKTutorial;
			};
			name = Release;
		};
/* End XCBuildConfiguration section */

/* Begin XCConfigurationList section */
		2AF251FB2CA417BD00212322 /* Build configuration list for PBXProject "PubNubSwiftChatSDKTutorial" */ = {
			isa = XCConfigurationList;
			buildConfigurations = (
				2AF252222CA417BF00212322 /* Debug */,
				2AF252232CA417BF00212322 /* Release */,
			);
			defaultConfigurationIsVisible = 0;
			defaultConfigurationName = Release;
		};
		2AF252242CA417BF00212322 /* Build configuration list for PBXNativeTarget "PubNubSwiftChatSDKTutorial" */ = {
			isa = XCConfigurationList;
			buildConfigurations = (
				2AF252252CA417BF00212322 /* Debug */,
				2AF252262CA417BF00212322 /* Release */,
			);
			defaultConfigurationIsVisible = 0;
			defaultConfigurationName = Release;
		};
		2AF252272CA417BF00212322 /* Build configuration list for PBXNativeTarget "PubNubSwiftChatSDKTutorialTests" */ = {
			isa = XCConfigurationList;
			buildConfigurations = (
				2AF252282CA417BF00212322 /* Debug */,
				2AF252292CA417BF00212322 /* Release */,
			);
			defaultConfigurationIsVisible = 0;
			defaultConfigurationName = Release;
		};
		2AF2522A2CA417BF00212322 /* Build configuration list for PBXNativeTarget "PubNubSwiftChatSDKTutorialUITests" */ = {
			isa = XCConfigurationList;
			buildConfigurations = (
				2AF2522B2CA417BF00212322 /* Debug */,
				2AF2522C2CA417BF00212322 /* Release */,
			);
			defaultConfigurationIsVisible = 0;
			defaultConfigurationName = Release;
		};
/* End XCConfigurationList section */

/* Begin XCRemoteSwiftPackageReference section */
		2A263A252DB0FC6D009A0DB4 /* XCRemoteSwiftPackageReference "swift-chat-sdk" */ = {
			isa = XCRemoteSwiftPackageReference;
			repositoryURL = "https://github.com/pubnub/swift-chat-sdk";
			requirement = {
				kind = upToNextMajorVersion;
				minimumVersion = 0.20.0;
			};
		};
/* End XCRemoteSwiftPackageReference section */

/* Begin XCSwiftPackageProductDependency section */
		2A263A262DB0FC6D009A0DB4 /* PubNubSwiftChatSDK */ = {
			isa = XCSwiftPackageProductDependency;
			package = 2A263A252DB0FC6D009A0DB4 /* XCRemoteSwiftPackageReference "swift-chat-sdk" */;
			productName = PubNubSwiftChatSDK;
		};
/* End XCSwiftPackageProductDependency section */
	};
	rootObject = 2AF251F82CA417BD00212322 /* Project object */;
}
