{
  "originHash" : "612b8cdb713023403f513589e018e42afafa14b625e202ab4bee8252857e6bfa",
  "pins" : [
    {
      "identity" : "kmp-chat",
      "kind" : "remoteSourceControl",
      "location" : "https://github.com/pubnub/kmp-chat",
      "state" : {
        "revision" : "bc06c99dda43f82b07195caafad2ec8971ec8ff8",
        "version" : "0.12.1-swift"
      }
    },
    {
      "identity" : "swift",
      "kind" : "remoteSourceControl",
      "location" : "https://github.com/pubnub/swift",
      "state" : {
        "revision" : "164594633504b10aeceb04e89cfa2caa911d98b6",
        "version" : "9.0.1"
      }
    },
    {
      "identity" : "swift-chat-sdk",
      "kind" : "remoteSourceControl",
      "location" : "https://github.com/pubnub/swift-chat-sdk",
      "state" : {
        "revision" : "950e70681b39abb8660bd3747748523b50d14107",
        "version" : "0.20.0"
      }
    }
  ],
  "version" : 3
}
