{
  "originHash" : "612b8cdb713023403f513589e018e42afafa14b625e202ab4bee8252857e6bfa",
  "pins" : [
    {
      "identity" : "kmp-chat",
      "kind" : "remoteSourceControl",
      "location" : "https://github.com/pubnub/kmp-chat",
      "state" : {
        "revision" : "a2a433d17ca2364b3381a7ff3cd2223c88f6206e",
        "version" : "0.8.1-dev"
      }
    },
    {
      "identity" : "swift",
      "kind" : "remoteSourceControl",
      "location" : "https://github.com/pubnub/swift",
      "state" : {
        "revision" : "7ec97085f008532fde807568409941badbc1e737",
        "version" : "8.0.0"
      }
    },
    {
      "identity" : "swift-chat-sdk",
      "kind" : "remoteSourceControl",
      "location" : "https://github.com/pubnub/swift-chat-sdk",
      "state" : {
        "revision" : "2deda1b4fa53d31fa54b307929a8752923c952b3",
        "version" : "0.8.1-dev"
      }
    }
  ],
  "version" : 3
}
